// !$*UTF8*$!
{
	archiveVersion = 1;
	classes = {
	};
	objectVersion = 50;
	objects = {

/* Begin PBXBuildFile section */
		BDC0542F244A2C07004B2BB2 /* AppDelegate.swift in Sources */ = {isa = PBXBuildFile; fileRef = BDC0542E244A2C07004B2BB2 /* AppDelegate.swift */; };
		BDC05431244A2C07004B2BB2 /* SceneDelegate.swift in Sources */ = {isa = PBXBuildFile; fileRef = BDC05430244A2C07004B2BB2 /* SceneDelegate.swift */; };
		BDC05433244A2C07004B2BB2 /* ViewController.swift in Sources */ = {isa = PBXBuildFile; fileRef = BDC05432244A2C07004B2BB2 /* ViewController.swift */; };
		BDC05436244A2C07004B2BB2 /* Main.storyboard in Resources */ = {isa = PBXBuildFile; fileRef = BDC05434244A2C07004B2BB2 /* Main.storyboard */; };
		BDC05438244A2C09004B2BB2 /* Assets.xcassets in Resources */ = {isa = PBXBuildFile; fileRef = BDC05437244A2C09004B2BB2 /* Assets.xcassets */; };
		BDC0543B244A2C09004B2BB2 /* LaunchScreen.storyboard in Resources */ = {isa = PBXBuildFile; fileRef = BDC05439244A2C09004B2BB2 /* LaunchScreen.storyboard */; };
/* End PBXBuildFile section */

/* Begin PBXFileReference section */
		BDC0542B244A2C07004B2BB2 /* iOS14-TL-StickyHeader.app */ = {isa = PBXFileReference; explicitFileType = wrapper.application; includeInIndex = 0; path = "iOS14-TL-StickyHeader.app"; sourceTree = BUILT_PRODUCTS_DIR; };
		BDC0542E244A2C07004B2BB2 /* AppDelegate.swift */ = {isa = PBXFileReference; lastKnownFileType = sourcecode.swift; path = AppDelegate.swift; sourceTree = "<group>"; };
		BDC05430244A2C07004B2BB2 /* SceneDelegate.swift */ = {isa = PBXFileReference; lastKnownFileType = sourcecode.swift; path = SceneDelegate.swift; sourceTree = "<group>"; };
		BDC05432244A2C07004B2BB2 /* ViewController.swift */ = {isa = PBXFileReference; lastKnownFileType = sourcecode.swift; path = ViewController.swift; sourceTree = "<group>"; };
		BDC05435244A2C07004B2BB2 /* Base */ = {isa = PBXFileReference; lastKnownFileType = file.storyboard; name = Base; path = Base.lproj/Main.storyboard; sourceTree = "<group>"; };
		BDC05437244A2C09004B2BB2 /* Assets.xcassets */ = {isa = PBXFileReference; lastKnownFileType = folder.assetcatalog; path = Assets.xcassets; sourceTree = "<group>"; };
		BDC0543A244A2C09004B2BB2 /* Base */ = {isa = PBXFileReference; lastKnownFileType = file.storyboard; name = Base; path = Base.lproj/LaunchScreen.storyboard; sourceTree = "<group>"; };
		BDC0543C244A2C09004B2BB2 /* Info.plist */ = {isa = PBXFileReference; lastKnownFileType = text.plist.xml; path = Info.plist; sourceTree = "<group>"; };
/* End PBXFileReference section */

/* Begin PBXFrameworksBuildPhase section */
		BDC05428244A2C07004B2BB2 /* Frameworks */ = {
			isa = PBXFrameworksBuildPhase;
			buildActionMask = 2147483647;
			files = (
			);
			runOnlyForDeploymentPostprocessing = 0;
		};
/* End PBXFrameworksBuildPhase section */

/* Begin PBXGroup section */
		BDC05422244A2C07004B2BB2 = {
			isa = PBXGroup;
			children = (
				BDC0542D244A2C07004B2BB2 /* iOS14-TL-StickyHeader */,
				BDC0542C244A2C07004B2BB2 /* Products */,
			);
			sourceTree = "<group>";
		};
		BDC0542C244A2C07004B2BB2 /* Products */ = {
			isa = PBXGroup;
			children = (
				BDC0542B244A2C07004B2BB2 /* iOS14-TL-StickyHeader.app */,
			);
			name = Products;
			sourceTree = "<group>";
		};
		BDC0542D244A2C07004B2BB2 /* iOS14-TL-StickyHeader */ = {
			isa = PBXGroup;
			children = (
				BDC0542E244A2C07004B2BB2 /* AppDelegate.swift */,
				BDC05430244A2C07004B2BB2 /* SceneDelegate.swift */,
				BDC05432244A2C07004B2BB2 /* ViewController.swift */,
				BDC05434244A2C07004B2BB2 /* Main.storyboard */,
				BDC05437244A2C09004B2BB2 /* Assets.xcassets */,
				BDC05439244A2C09004B2BB2 /* LaunchScreen.storyboard */,
				BDC0543C244A2C09004B2BB2 /* Info.plist */,
			);
			path = "iOS14-TL-StickyHeader";
			sourceTree = "<group>";
		};
/* End PBXGroup section */

/* Begin PBXNativeTarget section */
		BDC0542A244A2C07004B2BB2 /* iOS14-TL-StickyHeader */ = {
			isa = PBXNativeTarget;
			buildConfigurationList = BDC0543F244A2C09004B2BB2 /* Build configuration list for PBXNativeTarget "iOS14-TL-StickyHeader" */;
			buildPhases = (
				BDC05427244A2C07004B2BB2 /* Sources */,
				BDC05428244A2C07004B2BB2 /* Frameworks */,
				BDC05429244A2C07004B2BB2 /* Resources */,
			);
			buildRules = (
			);
			dependencies = (
			);
			name = "iOS14-TL-StickyHeader";
			productName = "iOS14-TL-StickyHeader";
			productReference = BDC0542B244A2C07004B2BB2 /* iOS14-TL-StickyHeader.app */;
			productType = "com.apple.product-type.application";
		};
/* End PBXNativeTarget section */

/* Begin PBXProject section */
		BDC05423244A2C07004B2BB2 /* Project object */ = {
			isa = PBXProject;
			attributes = {
				LastSwiftUpdateCheck = 1140;
				LastUpgradeCheck = 1140;
				ORGANIZATIONNAME = "Lambda, Inc";
				TargetAttributes = {
					BDC0542A244A2C07004B2BB2 = {
						CreatedOnToolsVersion = 11.4;
					};
				};
			};
			buildConfigurationList = BDC05426244A2C07004B2BB2 /* Build configuration list for PBXProject "iOS14-TL-StickyHeader" */;
			compatibilityVersion = "Xcode 9.3";
			developmentRegion = en;
			hasScannedForEncodings = 0;
			knownRegions = (
				en,
				Base,
			);
			mainGroup = BDC05422244A2C07004B2BB2;
			productRefGroup = BDC0542C244A2C07004B2BB2 /* Products */;
			projectDirPath = "";
			projectRoot = "";
			targets = (
				BDC0542A244A2C07004B2BB2 /* iOS14-TL-StickyHeader */,
			);
		};
/* End PBXProject section */

/* Begin PBXResourcesBuildPhase section */
		BDC05429244A2C07004B2BB2 /* Resources */ = {
			isa = PBXResourcesBuildPhase;
			buildActionMask = 2147483647;
			files = (
				BDC0543B244A2C09004B2BB2 /* LaunchScreen.storyboard in Resources */,
				BDC05438244A2C09004B2BB2 /* Assets.xcassets in Resources */,
				BDC05436244A2C07004B2BB2 /* Main.storyboard in Resources */,
			);
			runOnlyForDeploymentPostprocessing = 0;
		};
/* End PBXResourcesBuildPhase section */

/* Begin PBXSourcesBuildPhase section */
		BDC05427244A2C07004B2BB2 /* Sources */ = {
			isa = PBXSourcesBuildPhase;
			buildActionMask = 2147483647;
			files = (
				BDC05433244A2C07004B2BB2 /* ViewController.swift in Sources */,
				BDC0542F244A2C07004B2BB2 /* AppDelegate.swift in Sources */,
				BDC05431244A2C07004B2BB2 /* SceneDelegate.swift in Sources */,
			);
			runOnlyForDeploymentPostprocessing = 0;
		};
/* End PBXSourcesBuildPhase section */

/* Begin PBXVariantGroup section */
		BDC05434244A2C07004B2BB2 /* Main.storyboard */ = {
			isa = PBXVariantGroup;
			children = (
				BDC05435244A2C07004B2BB2 /* Base */,
			);
			name = Main.storyboard;
			sourceTree = "<group>";
		};
		BDC05439244A2C09004B2BB2 /* LaunchScreen.storyboard */ = {
			isa = PBXVariantGroup;
			children = (
				BDC0543A244A2C09004B2BB2 /* Base */,
			);
			name = LaunchScreen.storyboard;
			sourceTree = "<group>";
		};
/* End PBXVariantGroup section */

/* Begin XCBuildConfiguration section */
		BDC0543D244A2C09004B2BB2 /* Debug */ = {
			isa = XCBuildConfiguration;
			buildSettings = {
				ALWAYS_SEARCH_USER_PATHS = NO;
				CLANG_ANALYZER_NONNULL = YES;
				CLANG_ANALYZER_NUMBER_OBJECT_CONVERSION = YES_AGGRESSIVE;
				CLANG_CXX_LANGUAGE_STANDARD = "gnu++14";
				CLANG_CXX_LIBRARY = "libc++";
				CLANG_ENABLE_MODULES = YES;
				CLANG_ENABLE_OBJC_ARC = YES;
				CLANG_ENABLE_OBJC_WEAK = YES;
				CLANG_WARN_BLOCK_CAPTURE_AUTORELEASING = YES;
				CLANG_WARN_BOOL_CONVERSION = YES;
				CLANG_WARN_COMMA = YES;
				CLANG_WARN_CONSTANT_CONVERSION = YES;
				CLANG_WARN_DEPRECATED_OBJC_IMPLEMENTATIONS = YES;
				CLANG_WARN_DIRECT_OBJC_ISA_USAGE = YES_ERROR;
				CLANG_WARN_DOCUMENTATION_COMMENTS = YES;
				CLANG_WARN_EMPTY_BODY = YES;
				CLANG_WARN_ENUM_CONVERSION = YES;
				CLANG_WARN_INFINITE_RECURSION = YES;
				CLANG_WARN_INT_CONVERSION = YES;
				CLANG_WARN_NON_LITERAL_NULL_CONVERSION = YES;
				CLANG_WARN_OBJC_IMPLICIT_RETAIN_SELF = YES;
				CLANG_WARN_OBJC_LITERAL_CONVERSION = YES;
				CLANG_WARN_OBJC_ROOT_CLASS = YES_ERROR;
				CLANG_WARN_RANGE_LOOP_ANALYSIS = YES;
				CLANG_WARN_STRICT_PROTOTYPES = YES;
				CLANG_WARN_SUSPICIOUS_MOVE = YES;
				CLANG_WARN_UNGUARDED_AVAILABILITY = YES_AGGRESSIVE;
				CLANG_WARN_UNREACHABLE_CODE = YES;
				CLANG_WARN__DUPLICATE_METHOD_MATCH = YES;
				COPY_PHASE_STRIP = NO;
				DEBUG_INFORMATION_FORMAT = dwarf;
				ENABLE_STRICT_OBJC_MSGSEND = YES;
				ENABLE_TESTABILITY = YES;
				GCC_C_LANGUAGE_STANDARD = gnu11;
				GCC_DYNAMIC_NO_PIC = NO;
				GCC_NO_COMMON_BLOCKS = YES;
				GCC_OPTIMIZATION_LEVEL = 0;
				GCC_PREPROCESSOR_DEFINITIONS = (
					"DEBUG=1",
					"$(inherited)",
				);
				GCC_WARN_64_TO_32_BIT_CONVERSION = YES;
				GCC_WARN_ABOUT_RETURN_TYPE = YES_ERROR;
				GCC_WARN_UNDECLARED_SELECTOR = YES;
				GCC_WARN_UNINITIALIZED_AUTOS = YES_AGGRESSIVE;
				GCC_WARN_UNUSED_FUNCTION = YES;
				GCC_WARN_UNUSED_VARIABLE = YES;
				IPHONEOS_DEPLOYMENT_TARGET = 13.4;
				MTL_ENABLE_DEBUG_INFO = INCLUDE_SOURCE;
				MTL_FAST_MATH = YES;
				ONLY_ACTIVE_ARCH = YES;
				SDKROOT = iphoneos;
				SWIFT_ACTIVE_COMPILATION_CONDITIONS = DEBUG;
				SWIFT_OPTIMIZATION_LEVEL = "-Onone";
			};
			name = Debug;
		};
		BDC0543E244A2C09004B2BB2 /* Release */ = {
			isa = XCBuildConfiguration;
			buildSettings = {
				ALWAYS_SEARCH_USER_PATHS = NO;
				CLANG_ANALYZER_NONNULL = YES;
				CLANG_ANALYZER_NUMBER_OBJECT_CONVERSION = YES_AGGRESSIVE;
				CLANG_CXX_LANGUAGE_STANDARD = "gnu++14";
				CLANG_CXX_LIBRARY = "libc++";
				CLANG_ENABLE_MODULES = YES;
				CLANG_ENABLE_OBJC_ARC = YES;
				CLANG_ENABLE_OBJC_WEAK = YES;
				CLANG_WARN_BLOCK_CAPTURE_AUTORELEASING = YES;
				CLANG_WARN_BOOL_CONVERSION = YES;
				CLANG_WARN_COMMA = YES;
				CLANG_WARN_CONSTANT_CONVERSION = YES;
				CLANG_WARN_DEPRECATED_OBJC_IMPLEMENTATIONS = YES;
				CLANG_WARN_DIRECT_OBJC_ISA_USAGE = YES_ERROR;
				CLANG_WARN_DOCUMENTATION_COMMENTS = YES;
				CLANG_WARN_EMPTY_BODY = YES;
				CLANG_WARN_ENUM_CONVERSION = YES;
				CLANG_WARN_INFINITE_RECURSION = YES;
				CLANG_WARN_INT_CONVERSION = YES;
				CLANG_WARN_NON_LITERAL_NULL_CONVERSION = YES;
				CLANG_WARN_OBJC_IMPLICIT_RETAIN_SELF = YES;
				CLANG_WARN_OBJC_LITERAL_CONVERSION = YES;
				CLANG_WARN_OBJC_ROOT_CLASS = YES_ERROR;
				CLANG_WARN_RANGE_LOOP_ANALYSIS = YES;
				CLANG_WARN_STRICT_PROTOTYPES = YES;
				CLANG_WARN_SUSPICIOUS_MOVE = YES;
				CLANG_WARN_UNGUARDED_AVAILABILITY = YES_AGGRESSIVE;
				CLANG_WARN_UNREACHABLE_CODE = YES;
				CLANG_WARN__DUPLICATE_METHOD_MATCH = YES;
				COPY_PHASE_STRIP = NO;
				DEBUG_INFORMATION_FORMAT = "dwarf-with-dsym";
				ENABLE_NS_ASSERTIONS = NO;
				ENABLE_STRICT_OBJC_MSGSEND = YES;
				GCC_C_LANGUAGE_STANDARD = gnu11;
				GCC_NO_COMMON_BLOCKS = YES;
				GCC_WARN_64_TO_32_BIT_CONVERSION = YES;
				GCC_WARN_ABOUT_RETURN_TYPE = YES_ERROR;
				GCC_WARN_UNDECLARED_SELECTOR = YES;
				GCC_WARN_UNINITIALIZED_AUTOS = YES_AGGRESSIVE;
				GCC_WARN_UNUSED_FUNCTION = YES;
				GCC_WARN_UNUSED_VARIABLE = YES;
				IPHONEOS_DEPLOYMENT_TARGET = 13.4;
				MTL_ENABLE_DEBUG_INFO = NO;
				MTL_FAST_MATH = YES;
				SDKROOT = iphoneos;
				SWIFT_COMPILATION_MODE = wholemodule;
				SWIFT_OPTIMIZATION_LEVEL = "-O";
				VALIDATE_PRODUCT = YES;
			};
			name = Release;
		};
		BDC05440244A2C09004B2BB2 /* Debug */ = {
			isa = XCBuildConfiguration;
			buildSettings = {
				ASSETCATALOG_COMPILER_APPICON_NAME = AppIcon;
				CODE_SIGN_STYLE = Automatic;
				INFOPLIST_FILE = "iOS14-TL-StickyHeader/Info.plist";
				LD_RUNPATH_SEARCH_PATHS = (
					"$(inherited)",
					"@executable_path/Frameworks",
				);
				PRODUCT_BUNDLE_IDENTIFIER = "com.lambdaschool.iOS14-TL-StickyHeader";
				PRODUCT_NAME = "$(TARGET_NAME)";
				SWIFT_VERSION = 5.0;
				TARGETED_DEVICE_FAMILY = "1,2";
			};
			name = Debug;
		};
		BDC05441244A2C09004B2BB2 /* Release */ = {
			isa = XCBuildConfiguration;
			buildSettings = {
				ASSETCATALOG_COMPILER_APPICON_NAME = AppIcon;
				CODE_SIGN_STYLE = Automatic;
				INFOPLIST_FILE = "iOS14-TL-StickyHeader/Info.plist";
				LD_RUNPATH_SEARCH_PATHS = (
					"$(inherited)",
					"@executable_path/Frameworks",
				);
				PRODUCT_BUNDLE_IDENTIFIER = "com.lambdaschool.iOS14-TL-StickyHeader";
				PRODUCT_NAME = "$(TARGET_NAME)";
				SWIFT_VERSION = 5.0;
				TARGETED_DEVICE_FAMILY = "1,2";
			};
			name = Release;
		};
/* End XCBuildConfiguration section */

/* Begin XCConfigurationList section */
		BDC05426244A2C07004B2BB2 /* Build configuration list for PBXProject "iOS14-TL-StickyHeader" */ = {
			isa = XCConfigurationList;
			buildConfigurations = (
				BDC0543D244A2C09004B2BB2 /* Debug */,
				BDC0543E244A2C09004B2BB2 /* Release */,
			);
			defaultConfigurationIsVisible = 0;
			defaultConfigurationName = Release;
		};
		BDC0543F244A2C09004B2BB2 /* Build configuration list for PBXNativeTarget "iOS14-TL-StickyHeader" */ = {
			isa = XCConfigurationList;
			buildConfigurations = (
				BDC05440244A2C09004B2BB2 /* Debug */,
				BDC05441244A2C09004B2BB2 /* Release */,
			);
			defaultConfigurationIsVisible = 0;
			defaultConfigurationName = Release;
		};
/* End XCConfigurationList section */
	};
	rootObject = BDC05423244A2C07004B2BB2 /* Project object */;
}
